
Microsoft Visual Studio Solution File, Format Version 12.00
# Visual Studio Version 16
VisualStudioVersion = 16.0.30804.86
MinimumVisualStudioVersion = 10.0.40219.1
Project("{FAE04EC0-301F-11D3-BF4B-00C04F79EFBC}") = "ArduinoCommunication", "ArduinoCommunication\ArduinoCommunication.csproj", "{5C60EE90-692B-48DB-BAA1-64D282721592}"
EndProject
Global
	GlobalSection(SolutionConfigurationPlatforms) = preSolution
		Debug|Any CPU = Debug|Any CPU
		Debug|x64 = Debug|x64
		Release|Any CPU = Release|Any CPU
		Release|x64 = Release|x64
	EndGlobalSection
	GlobalSection(ProjectConfigurationPlatforms) = postSolution
		{5C60EE90-692B-48DB-BAA1-64D282721592}.Debug|Any CPU.ActiveCfg = Debug|Any CPU
		{5C60EE90-692B-48DB-BAA1-64D282721592}.Debug|Any CPU.Build.0 = Debug|Any CPU
		{5C60EE90-692B-48DB-BAA1-64D282721592}.Debug|x64.ActiveCfg = Debug|x64
		{5C60EE90-692B-48DB-BAA1-64D282721592}.Debug|x64.Build.0 = Debug|x64
		{5C60EE90-692B-48DB-BAA1-64D282721592}.Release|Any CPU.ActiveCfg = Release|Any CPU
		{5C60EE90-692B-48DB-BAA1-64D282721592}.Release|Any CPU.Build.0 = Release|Any CPU
		{5C60EE90-692B-48DB-BAA1-64D282721592}.Release|x64.ActiveCfg = Release|x64
		{5C60EE90-692B-48DB-BAA1-64D282721592}.Release|x64.Build.0 = Release|x64
	EndGlobalSection
	GlobalSection(SolutionProperties) = preSolution
		HideSolutionNode = FALSE
	EndGlobalSection
	GlobalSection(ExtensibilityGlobals) = postSolution
		SolutionGuid = {3C18249E-A756-4DC2-B5E4-461CAA363EDE}
	EndGlobalSection
EndGlobal
